
Microsoft Visual Studio Solution File, Format Version 12.00
# Visual Studio Version 17
VisualStudioVersion = 17.2.32630.192
MinimumVisualStudioVersion = 10.0.40219.1
Project("{9A19103F-16F7-4668-BE54-9A1E7A4F7556}") = "Identity4121.CrossCuttingConcerns", "src\Identity4121.CrossCuttingConcerns\Identity4121.CrossCuttingConcerns.csproj", "{90DE5112-4200-46FB-9BF9-F86D28D8C2F0}"
EndProject
Project("{9A19103F-16F7-4668-BE54-9A1E7A4F7556}") = "Identity4121.Application", "src\Identity4121.Application\Identity4121.Application.csproj", "{86BD14B9-0075-4004-B720-4563AE31BF76}"
EndProject
Project("{9A19103F-16F7-4668-BE54-9A1E7A4F7556}") = "Identity4121.Domain", "src\Identity4121.Domain\Identity4121.Domain.csproj", "{541C8797-B066-4876-8107-60230808CA5D}"
EndProject
Project("{9A19103F-16F7-4668-BE54-9A1E7A4F7556}") = "Identity4121.Persistence", "src\Identity4121.Persistence\Identity4121.Persistence.csproj", "{F8E146F5-1AD0-498D-A6A2-20C61A346AC9}"
EndProject
Project("{9A19103F-16F7-4668-BE54-9A1E7A4F7556}") = "Identity4121.Infrastructure", "src\Identity4121.Infrastructure\Identity4121.Infrastructure.csproj", "{4B29612E-9D51-4C3F-AB70-80845A284480}"
EndProject
Project("{9A19103F-16F7-4668-BE54-9A1E7A4F7556}") = "Identity4121.BackgroundServer", "src\Identity4121.BackgroundServer\Identity4121.BackgroundServer.csproj", "{E1EC5487-7EA8-4DBA-A883-0FC06F30A36E}"
EndProject
Project("{9A19103F-16F7-4668-BE54-9A1E7A4F7556}") = "Identity4121.GraphQL", "src\Identity4121.GraphQL\Identity4121.GraphQL.csproj", "{508D500D-E480-4BFF-93D0-FB92A04FF7BD}"
EndProject
Project("{9A19103F-16F7-4668-BE54-9A1E7A4F7556}") = "Identity4121.Migrator", "src\Identity4121.Migrator\Identity4121.Migrator.csproj", "{81D17138-9B2F-4FFF-8621-78BD1916E74F}"
EndProject
Project("{9A19103F-16F7-4668-BE54-9A1E7A4F7556}") = "Identity4121.WebAPI", "src\Identity4121.WebAPI\Identity4121.WebAPI.csproj", "{DAF953E5-F570-41AA-BE00-A47D05C7CE6B}"
EndProject
Project("{9A19103F-16F7-4668-BE54-9A1E7A4F7556}") = "Identity4121.Blazor.Modules", "src\Identity4121.Blazor.Modules\Identity4121.Blazor.Modules.csproj", "{A0300C19-F59F-48A6-AFA7-568538C0E398}"
EndProject
Project("{9A19103F-16F7-4668-BE54-9A1E7A4F7556}") = "Identity4121.BlazorServerSide", "src\Identity4121.BlazorServerSide\Identity4121.BlazorServerSide.csproj", "{DFCC2B67-8504-457F-9DBD-2E8D810823FD}"
EndProject
Project("{9A19103F-16F7-4668-BE54-9A1E7A4F7556}") = "Identity4121.BlazorWebAssembly", "src\Identity4121.BlazorWebAssembly\Identity4121.BlazorWebAssembly.csproj", "{F18F2494-A94F-4A99-B385-1782F9C3A53E}"
EndProject
Project("{9A19103F-16F7-4668-BE54-9A1E7A4F7556}") = "Identity4121.IdentityServer", "src\Identity4121.IdentityServer\Identity4121.IdentityServer.csproj", "{D5E52510-B462-44C9-880D-9DEB16F472A3}"
EndProject
Project("{9A19103F-16F7-4668-BE54-9A1E7A4F7556}") = "Identity4121.WebMVC", "src\Identity4121.WebMVC\Identity4121.WebMVC.csproj", "{110B9496-880A-4C17-90A6-8DE174DE93C0}"
EndProject
Project("{2150E333-8FDC-42A3-9474-1A3956D46DE8}") = "tests", "tests", "{173052D6-1D4D-4FF6-ADC0-5F8714EFA3D2}"
EndProject
Project("{9A19103F-16F7-4668-BE54-9A1E7A4F7556}") = "Identity4121.ArchTests", "tests\Identity4121.ArchTests\Identity4121.ArchTests.csproj", "{75108F53-6199-4165-9ED1-91266790D5DD}"
EndProject
Project("{9A19103F-16F7-4668-BE54-9A1E7A4F7556}") = "Identity4121.ContractTests", "tests\Identity4121.ContractTests\Identity4121.ContractTests.csproj", "{BB7932B1-2B1E-441B-B703-DA28579B8428}"
EndProject
Project("{9A19103F-16F7-4668-BE54-9A1E7A4F7556}") = "Identity4121.EndToEndTests", "tests\Identity4121.EndToEndTests\Identity4121.EndToEndTests.csproj", "{612DF71C-3AC0-492A-BC8E-7750ACA22531}"
EndProject
Project("{9A19103F-16F7-4668-BE54-9A1E7A4F7556}") = "Identity4121.IntegrationTests", "tests\Identity4121.IntegrationTests\Identity4121.IntegrationTests.csproj", "{AD8337AE-C7F6-4B3E-B328-DD5801A4E48B}"
EndProject
Project("{9A19103F-16F7-4668-BE54-9A1E7A4F7556}") = "Identity4121.UnitTests", "tests\Identity4121.UnitTests\Identity4121.UnitTests.csproj", "{FDC6B0F5-EE4B-4B02-8F39-90485946D49C}"
EndProject
Project("{2150E333-8FDC-42A3-9474-1A3956D46DE8}") = "Core", "Core", "{49777E68-8A3B-4E33-B4E7-12FC6AA6F256}"
EndProject
Project("{2150E333-8FDC-42A3-9474-1A3956D46DE8}") = "CrossCuttingConcerns", "CrossCuttingConcerns", "{A0CED7D2-D75F-4C50-BEFE-F00BF4AC7BC6}"
EndProject
Project("{2150E333-8FDC-42A3-9474-1A3956D46DE8}") = "Infrastructure", "Infrastructure", "{8137243D-42ED-48A9-BB67-C41F36F7954D}"
EndProject
Project("{2150E333-8FDC-42A3-9474-1A3956D46DE8}") = "Presentations", "Presentations", "{0C2557C1-872C-4DED-B2C4-23FC30548EA3}"
EndProject
Project("{2150E333-8FDC-42A3-9474-1A3956D46DE8}") = "BackEnds", "BackEnds", "{F7910F78-892E-4D10-B1A3-55A64CE2558F}"
EndProject
Project("{2150E333-8FDC-42A3-9474-1A3956D46DE8}") = "UIs", "UIs", "{C71A63FE-E0B3-47E3-9F87-70951DD46AE1}"
EndProject
Global
	GlobalSection(SolutionConfigurationPlatforms) = preSolution
		Debug|Any CPU = Debug|Any CPU
		Release|Any CPU = Release|Any CPU
	EndGlobalSection
	GlobalSection(ProjectConfigurationPlatforms) = postSolution
		{90DE5112-4200-46FB-9BF9-F86D28D8C2F0}.Debug|Any CPU.ActiveCfg = Debug|Any CPU
		{90DE5112-4200-46FB-9BF9-F86D28D8C2F0}.Debug|Any CPU.Build.0 = Debug|Any CPU
		{90DE5112-4200-46FB-9BF9-F86D28D8C2F0}.Release|Any CPU.ActiveCfg = Release|Any CPU
		{90DE5112-4200-46FB-9BF9-F86D28D8C2F0}.Release|Any CPU.Build.0 = Release|Any CPU
		{86BD14B9-0075-4004-B720-4563AE31BF76}.Debug|Any CPU.ActiveCfg = Debug|Any CPU
		{86BD14B9-0075-4004-B720-4563AE31BF76}.Debug|Any CPU.Build.0 = Debug|Any CPU
		{86BD14B9-0075-4004-B720-4563AE31BF76}.Release|Any CPU.ActiveCfg = Release|Any CPU
		{86BD14B9-0075-4004-B720-4563AE31BF76}.Release|Any CPU.Build.0 = Release|Any CPU
		{541C8797-B066-4876-8107-60230808CA5D}.Debug|Any CPU.ActiveCfg = Debug|Any CPU
		{541C8797-B066-4876-8107-60230808CA5D}.Debug|Any CPU.Build.0 = Debug|Any CPU
		{541C8797-B066-4876-8107-60230808CA5D}.Release|Any CPU.ActiveCfg = Release|Any CPU
		{541C8797-B066-4876-8107-60230808CA5D}.Release|Any CPU.Build.0 = Release|Any CPU
		{F8E146F5-1AD0-498D-A6A2-20C61A346AC9}.Debug|Any CPU.ActiveCfg = Debug|Any CPU
		{F8E146F5-1AD0-498D-A6A2-20C61A346AC9}.Debug|Any CPU.Build.0 = Debug|Any CPU
		{F8E146F5-1AD0-498D-A6A2-20C61A346AC9}.Release|Any CPU.ActiveCfg = Release|Any CPU
		{F8E146F5-1AD0-498D-A6A2-20C61A346AC9}.Release|Any CPU.Build.0 = Release|Any CPU
		{4B29612E-9D51-4C3F-AB70-80845A284480}.Debug|Any CPU.ActiveCfg = Debug|Any CPU
		{4B29612E-9D51-4C3F-AB70-80845A284480}.Debug|Any CPU.Build.0 = Debug|Any CPU
		{4B29612E-9D51-4C3F-AB70-80845A284480}.Release|Any CPU.ActiveCfg = Release|Any CPU
		{4B29612E-9D51-4C3F-AB70-80845A284480}.Release|Any CPU.Build.0 = Release|Any CPU
		{E1EC5487-7EA8-4DBA-A883-0FC06F30A36E}.Debug|Any CPU.ActiveCfg = Debug|Any CPU
		{E1EC5487-7EA8-4DBA-A883-0FC06F30A36E}.Debug|Any CPU.Build.0 = Debug|Any CPU
		{E1EC5487-7EA8-4DBA-A883-0FC06F30A36E}.Release|Any CPU.ActiveCfg = Release|Any CPU
		{E1EC5487-7EA8-4DBA-A883-0FC06F30A36E}.Release|Any CPU.Build.0 = Release|Any CPU
		{508D500D-E480-4BFF-93D0-FB92A04FF7BD}.Debug|Any CPU.ActiveCfg = Debug|Any CPU
		{508D500D-E480-4BFF-93D0-FB92A04FF7BD}.Debug|Any CPU.Build.0 = Debug|Any CPU
		{508D500D-E480-4BFF-93D0-FB92A04FF7BD}.Release|Any CPU.ActiveCfg = Release|Any CPU
		{508D500D-E480-4BFF-93D0-FB92A04FF7BD}.Release|Any CPU.Build.0 = Release|Any CPU
		{81D17138-9B2F-4FFF-8621-78BD1916E74F}.Debug|Any CPU.ActiveCfg = Debug|Any CPU
		{81D17138-9B2F-4FFF-8621-78BD1916E74F}.Debug|Any CPU.Build.0 = Debug|Any CPU
		{81D17138-9B2F-4FFF-8621-78BD1916E74F}.Release|Any CPU.ActiveCfg = Release|Any CPU
		{81D17138-9B2F-4FFF-8621-78BD1916E74F}.Release|Any CPU.Build.0 = Release|Any CPU
		{DAF953E5-F570-41AA-BE00-A47D05C7CE6B}.Debug|Any CPU.ActiveCfg = Debug|Any CPU
		{DAF953E5-F570-41AA-BE00-A47D05C7CE6B}.Debug|Any CPU.Build.0 = Debug|Any CPU
		{DAF953E5-F570-41AA-BE00-A47D05C7CE6B}.Release|Any CPU.ActiveCfg = Release|Any CPU
		{DAF953E5-F570-41AA-BE00-A47D05C7CE6B}.Release|Any CPU.Build.0 = Release|Any CPU
		{A0300C19-F59F-48A6-AFA7-568538C0E398}.Debug|Any CPU.ActiveCfg = Debug|Any CPU
		{A0300C19-F59F-48A6-AFA7-568538C0E398}.Debug|Any CPU.Build.0 = Debug|Any CPU
		{A0300C19-F59F-48A6-AFA7-568538C0E398}.Release|Any CPU.ActiveCfg = Release|Any CPU
		{A0300C19-F59F-48A6-AFA7-568538C0E398}.Release|Any CPU.Build.0 = Release|Any CPU
		{DFCC2B67-8504-457F-9DBD-2E8D810823FD}.Debug|Any CPU.ActiveCfg = Debug|Any CPU
		{DFCC2B67-8504-457F-9DBD-2E8D810823FD}.Debug|Any CPU.Build.0 = Debug|Any CPU
		{DFCC2B67-8504-457F-9DBD-2E8D810823FD}.Release|Any CPU.ActiveCfg = Release|Any CPU
		{DFCC2B67-8504-457F-9DBD-2E8D810823FD}.Release|Any CPU.Build.0 = Release|Any CPU
		{F18F2494-A94F-4A99-B385-1782F9C3A53E}.Debug|Any CPU.ActiveCfg = Debug|Any CPU
		{F18F2494-A94F-4A99-B385-1782F9C3A53E}.Debug|Any CPU.Build.0 = Debug|Any CPU
		{F18F2494-A94F-4A99-B385-1782F9C3A53E}.Release|Any CPU.ActiveCfg = Release|Any CPU
		{F18F2494-A94F-4A99-B385-1782F9C3A53E}.Release|Any CPU.Build.0 = Release|Any CPU
		{D5E52510-B462-44C9-880D-9DEB16F472A3}.Debug|Any CPU.ActiveCfg = Debug|Any CPU
		{D5E52510-B462-44C9-880D-9DEB16F472A3}.Debug|Any CPU.Build.0 = Debug|Any CPU
		{D5E52510-B462-44C9-880D-9DEB16F472A3}.Release|Any CPU.ActiveCfg = Release|Any CPU
		{D5E52510-B462-44C9-880D-9DEB16F472A3}.Release|Any CPU.Build.0 = Release|Any CPU
		{110B9496-880A-4C17-90A6-8DE174DE93C0}.Debug|Any CPU.ActiveCfg = Debug|Any CPU
		{110B9496-880A-4C17-90A6-8DE174DE93C0}.Debug|Any CPU.Build.0 = Debug|Any CPU
		{110B9496-880A-4C17-90A6-8DE174DE93C0}.Release|Any CPU.ActiveCfg = Release|Any CPU
		{110B9496-880A-4C17-90A6-8DE174DE93C0}.Release|Any CPU.Build.0 = Release|Any CPU
		{75108F53-6199-4165-9ED1-91266790D5DD}.Debug|Any CPU.ActiveCfg = Debug|Any CPU
		{75108F53-6199-4165-9ED1-91266790D5DD}.Debug|Any CPU.Build.0 = Debug|Any CPU
		{75108F53-6199-4165-9ED1-91266790D5DD}.Release|Any CPU.ActiveCfg = Release|Any CPU
		{75108F53-6199-4165-9ED1-91266790D5DD}.Release|Any CPU.Build.0 = Release|Any CPU
		{BB7932B1-2B1E-441B-B703-DA28579B8428}.Debug|Any CPU.ActiveCfg = Debug|Any CPU
		{BB7932B1-2B1E-441B-B703-DA28579B8428}.Debug|Any CPU.Build.0 = Debug|Any CPU
		{BB7932B1-2B1E-441B-B703-DA28579B8428}.Release|Any CPU.ActiveCfg = Release|Any CPU
		{BB7932B1-2B1E-441B-B703-DA28579B8428}.Release|Any CPU.Build.0 = Release|Any CPU
		{612DF71C-3AC0-492A-BC8E-7750ACA22531}.Debug|Any CPU.ActiveCfg = Debug|Any CPU
		{612DF71C-3AC0-492A-BC8E-7750ACA22531}.Debug|Any CPU.Build.0 = Debug|Any CPU
		{612DF71C-3AC0-492A-BC8E-7750ACA22531}.Release|Any CPU.ActiveCfg = Release|Any CPU
		{612DF71C-3AC0-492A-BC8E-7750ACA22531}.Release|Any CPU.Build.0 = Release|Any CPU
		{AD8337AE-C7F6-4B3E-B328-DD5801A4E48B}.Debug|Any CPU.ActiveCfg = Debug|Any CPU
		{AD8337AE-C7F6-4B3E-B328-DD5801A4E48B}.Debug|Any CPU.Build.0 = Debug|Any CPU
		{AD8337AE-C7F6-4B3E-B328-DD5801A4E48B}.Release|Any CPU.ActiveCfg = Release|Any CPU
		{AD8337AE-C7F6-4B3E-B328-DD5801A4E48B}.Release|Any CPU.Build.0 = Release|Any CPU
		{FDC6B0F5-EE4B-4B02-8F39-90485946D49C}.Debug|Any CPU.ActiveCfg = Debug|Any CPU
		{FDC6B0F5-EE4B-4B02-8F39-90485946D49C}.Debug|Any CPU.Build.0 = Debug|Any CPU
		{FDC6B0F5-EE4B-4B02-8F39-90485946D49C}.Release|Any CPU.ActiveCfg = Release|Any CPU
		{FDC6B0F5-EE4B-4B02-8F39-90485946D49C}.Release|Any CPU.Build.0 = Release|Any CPU
	EndGlobalSection
	GlobalSection(SolutionProperties) = preSolution
		HideSolutionNode = FALSE
	EndGlobalSection
	GlobalSection(NestedProjects) = preSolution
		{90DE5112-4200-46FB-9BF9-F86D28D8C2F0} = {A0CED7D2-D75F-4C50-BEFE-F00BF4AC7BC6}
		{86BD14B9-0075-4004-B720-4563AE31BF76} = {49777E68-8A3B-4E33-B4E7-12FC6AA6F256}
		{541C8797-B066-4876-8107-60230808CA5D} = {49777E68-8A3B-4E33-B4E7-12FC6AA6F256}
		{F8E146F5-1AD0-498D-A6A2-20C61A346AC9} = {8137243D-42ED-48A9-BB67-C41F36F7954D}
		{4B29612E-9D51-4C3F-AB70-80845A284480} = {8137243D-42ED-48A9-BB67-C41F36F7954D}
		{E1EC5487-7EA8-4DBA-A883-0FC06F30A36E} = {F7910F78-892E-4D10-B1A3-55A64CE2558F}
		{508D500D-E480-4BFF-93D0-FB92A04FF7BD} = {F7910F78-892E-4D10-B1A3-55A64CE2558F}
		{81D17138-9B2F-4FFF-8621-78BD1916E74F} = {F7910F78-892E-4D10-B1A3-55A64CE2558F}
		{DAF953E5-F570-41AA-BE00-A47D05C7CE6B} = {F7910F78-892E-4D10-B1A3-55A64CE2558F}
		{A0300C19-F59F-48A6-AFA7-568538C0E398} = {C71A63FE-E0B3-47E3-9F87-70951DD46AE1}
		{DFCC2B67-8504-457F-9DBD-2E8D810823FD} = {C71A63FE-E0B3-47E3-9F87-70951DD46AE1}
		{F18F2494-A94F-4A99-B385-1782F9C3A53E} = {C71A63FE-E0B3-47E3-9F87-70951DD46AE1}
		{D5E52510-B462-44C9-880D-9DEB16F472A3} = {C71A63FE-E0B3-47E3-9F87-70951DD46AE1}
		{110B9496-880A-4C17-90A6-8DE174DE93C0} = {C71A63FE-E0B3-47E3-9F87-70951DD46AE1}
		{75108F53-6199-4165-9ED1-91266790D5DD} = {173052D6-1D4D-4FF6-ADC0-5F8714EFA3D2}
		{BB7932B1-2B1E-441B-B703-DA28579B8428} = {173052D6-1D4D-4FF6-ADC0-5F8714EFA3D2}
		{612DF71C-3AC0-492A-BC8E-7750ACA22531} = {173052D6-1D4D-4FF6-ADC0-5F8714EFA3D2}
		{AD8337AE-C7F6-4B3E-B328-DD5801A4E48B} = {173052D6-1D4D-4FF6-ADC0-5F8714EFA3D2}
		{FDC6B0F5-EE4B-4B02-8F39-90485946D49C} = {173052D6-1D4D-4FF6-ADC0-5F8714EFA3D2}
		{F7910F78-892E-4D10-B1A3-55A64CE2558F} = {0C2557C1-872C-4DED-B2C4-23FC30548EA3}
		{C71A63FE-E0B3-47E3-9F87-70951DD46AE1} = {0C2557C1-872C-4DED-B2C4-23FC30548EA3}
	EndGlobalSection
	GlobalSection(ExtensibilityGlobals) = postSolution
		SolutionGuid = {DE95E1AB-B4DD-451B-B017-BB496F7ED04A}
	EndGlobalSection
EndGlobal
